{
    "version": 3,
    "terraform_version": "0.8.2",
    "serial": 53,
    "lineage": "e8a81069-60f4-4597-9f60-a08d7668bf92",
    "modules": [
        {
            "path": [
                "root"
            ],
            "outputs": {},
            "resources": {
                "aws_instance.deathstar_consul.0": {
                    "type": "aws_instance",
                    "depends_on": [
                        "aws_key_pair.deathstar",
                        "aws_security_group.deathstar-consul",
                        "data.aws_ami.ubuntu"
                    ],
                    "primary": {
                        "id": "i-0b6a98eabc9925311",
                        "attributes": {
                            "ami": "ami-5aee2235",
                            "associate_public_ip_address": "true",
                            "availability_zone": "eu-central-1b",
                            "disable_api_termination": "false",
                            "ebs_block_device.#": "0",
                            "ebs_optimized": "false",
                            "ephemeral_block_device.#": "0",
                            "iam_instance_profile": "",
                            "id": "i-0b6a98eabc9925311",
                            "instance_state": "running",
                            "instance_type": "t2.small",
                            "key_name": "deathstar",
                            "monitoring": "false",
                            "network_interface_id": "eni-7e3b3a01",
                            "private_dns": "ip-172-31-26-5.eu-central-1.compute.internal",
                            "private_ip": "172.31.26.5",
                            "public_dns": "ec2-54-93-219-41.eu-central-1.compute.amazonaws.com",
                            "public_ip": "54.93.219.41",
                            "root_block_device.#": "1",
                            "root_block_device.0.delete_on_termination": "true",
                            "root_block_device.0.iops": "100",
                            "root_block_device.0.volume_size": "8",
                            "root_block_device.0.volume_type": "gp2",
                            "security_groups.#": "1",
                            "security_groups.2832609873": "deathstar-consul",
                            "source_dest_check": "false",
                            "subnet_id": "subnet-c5de18bf",
                            "tags.%": "3",
                            "tags.ConsulRole": "Server",
                            "tags.Name": "deathstar-consul-0",
                            "tags.name": "deathstar",
                            "tenancy": "default",
                            "vpc_security_group_ids.#": "0"
                        },
                        "meta": {
                            "schema_version": "1"
                        },
                        "tainted": true
                    },
                    "deposed": [],
                    "provider": ""
                },
                "aws_key_pair.deathstar": {
                    "type": "aws_key_pair",
                    "depends_on": [],
                    "primary": {
                        "id": "deathstar",
                        "attributes": {
                            "id": "deathstar",
                            "key_name": "deathstar",
                            "public_key": "ssh-rsa AAAAB3NzaC1yc2EAAAADAQABAAABAQCmMDb4LcNUKf2TbLMaG9XZ+dmzCnr86iByRsG96pfmrCxEYKoTvTHBvYsVXNb7iDwZgJRqDDvONzwya6f9nElwLUZ46kzmEEkNOwTK4YPRt8sSe4oQCuXsZViHWALHSjFdHG6f6zvhdh5zHi4reaUpel4xZfKQI2iEEapXaC1ldIPvg5zuPyN5SQbZkGgrHpCKMzooT+yfKh6hgx6aBQ1YFzGRdsNXa2m0GGI++79f2GswgVrf0M2Bu9MWob+RqA8jEbEMzBvpoMJnBvF6/18jgLj8NM16j351J1nDyPWR1lQY+AHGhyv+OMzkbK8cGd71iU80J7f15hIm3BlI/GcZ wianvos@Wians-MacBook-Pro.local"
                        },
                        "meta": {
                            "schema_version": "1"
                        },
                        "tainted": false
                    },
                    "deposed": [],
                    "provider": ""
                },
                "aws_security_group.deathstar-consul": {
                    "type": "aws_security_group",
                    "depends_on": [],
                    "primary": {
                        "id": "sg-b12c31d9",
                        "attributes": {
                            "description": "Consul internal traffic for The Deathstar",
                            "egress.#": "1",
                            "egress.482069346.cidr_blocks.#": "1",
                            "egress.482069346.cidr_blocks.0": "0.0.0.0/0",
                            "egress.482069346.from_port": "0",
                            "egress.482069346.prefix_list_ids.#": "0",
                            "egress.482069346.protocol": "-1",
                            "egress.482069346.security_groups.#": "0",
                            "egress.482069346.self": "false",
                            "egress.482069346.to_port": "0",
                            "id": "sg-b12c31d9",
                            "ingress.#": "3",
                            "ingress.2541437006.cidr_blocks.#": "1",
                            "ingress.2541437006.cidr_blocks.0": "0.0.0.0/0",
                            "ingress.2541437006.from_port": "22",
                            "ingress.2541437006.protocol": "tcp",
                            "ingress.2541437006.security_groups.#": "0",
                            "ingress.2541437006.self": "false",
                            "ingress.2541437006.to_port": "22",
                            "ingress.3472572478.cidr_blocks.#": "0",
                            "ingress.3472572478.from_port": "0",
                            "ingress.3472572478.protocol": "udp",
                            "ingress.3472572478.security_groups.#": "0",
                            "ingress.3472572478.self": "true",
                            "ingress.3472572478.to_port": "65535",
                            "ingress.3544538468.cidr_blocks.#": "0",
                            "ingress.3544538468.from_port": "0",
                            "ingress.3544538468.protocol": "tcp",
                            "ingress.3544538468.security_groups.#": "0",
                            "ingress.3544538468.self": "true",
                            "ingress.3544538468.to_port": "65535",
                            "name": "deathstar-consul",
                            "owner_id": "143607649268",
                            "tags.%": "0",
                            "vpc_id": "vpc-7f9e6217"
                        },
                        "meta": {},
                        "tainted": false
                    },
                    "deposed": [],
                    "provider": ""
                },
                "data.aws_ami.ubuntu": {
                    "type": "aws_ami",
                    "depends_on": [],
                    "primary": {
                        "id": "ami-5aee2235",
                        "attributes": {
                            "architecture": "x86_64",
                            "block_device_mappings.#": "3",
                            "block_device_mappings.1634610537.device_name": "/dev/sdb",
                            "block_device_mappings.1634610537.ebs.%": "0",
                            "block_device_mappings.1634610537.no_device": "",
                            "block_device_mappings.1634610537.virtual_name": "ephemeral0",
                            "block_device_mappings.2547816212.device_name": "/dev/sda1",
                            "block_device_mappings.2547816212.ebs.%": "6",
                            "block_device_mappings.2547816212.ebs.delete_on_termination": "true",
                            "block_device_mappings.2547816212.ebs.encrypted": "false",
                            "block_device_mappings.2547816212.ebs.iops": "0",
                            "block_device_mappings.2547816212.ebs.snapshot_id": "snap-000f4a94383857e92",
                            "block_device_mappings.2547816212.ebs.volume_size": "8",
                            "block_device_mappings.2547816212.ebs.volume_type": "gp2",
                            "block_device_mappings.2547816212.no_device": "",
                            "block_device_mappings.2547816212.virtual_name": "",
                            "block_device_mappings.3850042718.device_name": "/dev/sdc",
                            "block_device_mappings.3850042718.ebs.%": "0",
                            "block_device_mappings.3850042718.no_device": "",
                            "block_device_mappings.3850042718.virtual_name": "ephemeral1",
                            "creation_date": "2017-01-14T02:33:27.000Z",
                            "filter.#": "2",
                            "filter.1585153008.name": "name",
                            "filter.1585153008.values.#": "1",
                            "filter.1585153008.values.0": "ubuntu/images/hvm-ssd/ubuntu-xenial-16.04-amd64-server-*",
                            "filter.490168357.name": "virtualization-type",
                            "filter.490168357.values.#": "1",
                            "filter.490168357.values.0": "hvm",
                            "hypervisor": "xen",
                            "id": "ami-5aee2235",
                            "image_id": "ami-5aee2235",
                            "image_location": "099720109477/ubuntu/images/hvm-ssd/ubuntu-xenial-16.04-amd64-server-20170113",
                            "image_type": "machine",
                            "most_recent": "true",
                            "name": "ubuntu/images/hvm-ssd/ubuntu-xenial-16.04-amd64-server-20170113",
                            "owner_id": "099720109477",
                            "owners.#": "1",
                            "owners.0": "099720109477",
                            "product_codes.#": "0",
                            "public": "true",
                            "root_device_name": "/dev/sda1",
                            "root_device_type": "ebs",
                            "sriov_net_support": "simple",
                            "state": "available",
                            "state_reason.%": "2",
                            "state_reason.code": "UNSET",
                            "state_reason.message": "UNSET",
                            "tags.#": "0",
                            "virtualization_type": "hvm"
                        },
                        "meta": {},
                        "tainted": false
                    },
                    "deposed": [],
                    "provider": ""
                }
            },
            "depends_on": []
        }
    ]
}
